
Microsoft Visual Studio Solution File, Format Version 12.00
# Visual Studio Version 17
VisualStudioVersion = 17.7.34031.279
MinimumVisualStudioVersion = 10.0.40219.1
Project("{FAE04EC0-301F-11D3-BF4B-00C04F79EFBC}") = "WebApplication1", "WebApplication1.csproj", "{3673253C-3AD7-4745-9F78-107F4D9A32B7}"
EndProject
Global
	GlobalSection(SolutionConfigurationPlatforms) = preSolution
		Debug|Any CPU = Debug|Any CPU
		Release|Any CPU = Release|Any CPU
	EndGlobalSection
	GlobalSection(ProjectConfigurationPlatforms) = postSolution
		{3673253C-3AD7-4745-9F78-107F4D9A32B7}.Debug|Any CPU.ActiveCfg = Debug|Any CPU
		{3673253C-3AD7-4745-9F78-107F4D9A32B7}.Debug|Any CPU.Build.0 = Debug|Any CPU
		{3673253C-3AD7-4745-9F78-107F4D9A32B7}.Release|Any CPU.ActiveCfg = Release|Any CPU
		{3673253C-3AD7-4745-9F78-107F4D9A32B7}.Release|Any CPU.Build.0 = Release|Any CPU
	EndGlobalSection
	GlobalSection(SolutionProperties) = preSolution
		HideSolutionNode = FALSE
	EndGlobalSection
	GlobalSection(ExtensibilityGlobals) = postSolution
		SolutionGuid = {493D9E74-F581-4AA4-97BA-EDC771D1C68F}
	EndGlobalSection
EndGlobal
